<?xml version="1.0" encoding="utf-8"?>
<Project ToolsVersion="4.0" xmlns="http://schemas.microsoft.com/developer/msbuild/2003">
  <ItemGroup>
    <Filter Include="Source Files">
      <UniqueIdentifier>{4FC737F1-C7A5-4376-A066-2A32D752A2FF}</UniqueIdentifier>
      <Extensions>cpp;c;cc;cxx;def;odl;idl;hpj;bat;asm;asmx</Extensions>
    </Filter>
    <Filter Include="Header Files">
      <UniqueIdentifier>{93995380-89BD-4b04-88EB-625FBE52EBFB}</UniqueIdentifier>
      <Extensions>h;hpp;hxx;hm;inl;inc;xsd</Extensions>
    </Filter>
    <Filter Include="Resource Files">
      <UniqueIdentifier>{67DA6AB6-F800-4c08-8B7A-83BB121AAD01}</UniqueIdentifier>
      <Extensions>rc;ico;cur;bmp;dlg;rc2;rct;bin;rgs;gif;jpg;jpeg;jpe;resx;tiff;tif;png;wav;mfcribbon-ms</Extensions>
    </Filter>
    <Filter Include="Header Files\Instructions">
      <UniqueIdentifier>{75218855-6109-4cad-8606-c1bb84ea34f0}</UniqueIdentifier>
    </Filter>
    <Filter Include="Source Files\Instructions">
      <UniqueIdentifier>{731b8c1e-7f97-4436-80e5-1047c6e29252}</UniqueIdentifier>
    </Filter>
  </ItemGroup>
  <ItemGroup>
    <ClCompile Include="main.cpp">
      <Filter>Source Files</Filter>
    </ClCompile>
    <ClCompile Include="SourceReader.cpp">
      <Filter>Source Files</Filter>
    </ClCompile>
    <ClCompile Include="LexicalAnalyzer.cpp">
      <Filter>Source Files</Filter>
    </ClCompile>
    <ClCompile Include="SyntaxAnalyzer.cpp">
      <Filter>Source Files</Filter>
    </ClCompile>
    <ClCompile Include="Variable.cpp">
      <Filter>Source Files</Filter>
    </ClCompile>
    <ClCompile Include="Fraction.cpp">
      <Filter>Source Files</Filter>
    </ClCompile>
    <ClCompile Include="Interpreter.cpp">
      <Filter>Source Files</Filter>
    </ClCompile>
    <ClCompile Include="AssigmentInstruction.cpp">
      <Filter>Source Files\Instructions</Filter>
    </ClCompile>
    <ClCompile Include="DeclarationInstruction.cpp">
      <Filter>Source Files\Instructions</Filter>
    </ClCompile>
    <ClCompile Include="ExpressionInstruction.cpp">
      <Filter>Source Files\Instructions</Filter>
    </ClCompile>
    <ClCompile Include="FunDeclarationInstruction.cpp">
      <Filter>Source Files\Instructions</Filter>
    </ClCompile>
    <ClCompile Include="WhileInstruction.cpp">
      <Filter>Source Files\Instructions</Filter>
    </ClCompile>
    <ClCompile Include="IfInstruction.cpp">
      <Filter>Source Files\Instructions</Filter>
    </ClCompile>
    <ClCompile Include="FunInstruction.cpp">
      <Filter>Source Files\Instructions</Filter>
    </ClCompile>
    <ClCompile Include="PrintInstruction.cpp">
      <Filter>Source Files</Filter>
    </ClCompile>
  </ItemGroup>
  <ItemGroup>
    <ClInclude Include="SourceReader.h">
      <Filter>Header Files</Filter>
    </ClInclude>
    <ClInclude Include="LexicalAnalyzer.h">
      <Filter>Header Files</Filter>
    </ClInclude>
    <ClInclude Include="SyntaxAnalyzer.h">
      <Filter>Header Files</Filter>
    </ClInclude>
    <ClInclude Include="Variable.h">
      <Filter>Header Files</Filter>
    </ClInclude>
    <ClInclude Include="Fraction.h">
      <Filter>Header Files</Filter>
    </ClInclude>
    <ClInclude Include="Interpreter.h">
      <Filter>Header Files</Filter>
    </ClInclude>
    <ClInclude Include="AssigmentInstruction.h">
      <Filter>Header Files\Instructions</Filter>
    </ClInclude>
    <ClInclude Include="DeclarationInstruction.h">
      <Filter>Header Files\Instructions</Filter>
    </ClInclude>
    <ClInclude Include="ExpressionInstruction.h">
      <Filter>Header Files\Instructions</Filter>
    </ClInclude>
    <ClInclude Include="FunDeclarationInstruction.h">
      <Filter>Header Files\Instructions</Filter>
    </ClInclude>
    <ClInclude Include="WhileInstruction.h">
      <Filter>Header Files\Instructions</Filter>
    </ClInclude>
    <ClInclude Include="IfInstruction.h">
      <Filter>Header Files\Instructions</Filter>
    </ClInclude>
    <ClInclude Include="FunInstruction.h">
      <Filter>Header Files\Instructions</Filter>
    </ClInclude>
    <ClInclude Include="PrintInstruction.h">
      <Filter>Header Files</Filter>
    </ClInclude>
  </ItemGroup>
</Project>